
Microsoft Visual Studio Solution File, Format Version 12.00
# Visual Studio Version 16
VisualStudioVersion = 16.0.31025.194
MinimumVisualStudioVersion = 10.0.40219.1
Project("{FAE04EC0-301F-11D3-BF4B-00C04F79EFBC}") = "net2", "net2\net2.csproj", "{88400F9F-9FE5-4205-A556-73AD62CC5D1B}"
EndProject
Project("{FAE04EC0-301F-11D3-BF4B-00C04F79EFBC}") = "frontend_2", "frontend_2\frontend_2.csproj", "{37962455-AF19-4E12-B215-19ED385445E1}"
EndProject
Global
	GlobalSection(SolutionConfigurationPlatforms) = preSolution
		Debug|Any CPU = Debug|Any CPU
		Release|Any CPU = Release|Any CPU
	EndGlobalSection
	GlobalSection(ProjectConfigurationPlatforms) = postSolution
		{88400F9F-9FE5-4205-A556-73AD62CC5D1B}.Debug|Any CPU.ActiveCfg = Debug|Any CPU
		{88400F9F-9FE5-4205-A556-73AD62CC5D1B}.Debug|Any CPU.Build.0 = Debug|Any CPU
		{88400F9F-9FE5-4205-A556-73AD62CC5D1B}.Release|Any CPU.ActiveCfg = Release|Any CPU
		{88400F9F-9FE5-4205-A556-73AD62CC5D1B}.Release|Any CPU.Build.0 = Release|Any CPU
		{37962455-AF19-4E12-B215-19ED385445E1}.Debug|Any CPU.ActiveCfg = Debug|Any CPU
		{37962455-AF19-4E12-B215-19ED385445E1}.Debug|Any CPU.Build.0 = Debug|Any CPU
		{37962455-AF19-4E12-B215-19ED385445E1}.Release|Any CPU.ActiveCfg = Release|Any CPU
		{37962455-AF19-4E12-B215-19ED385445E1}.Release|Any CPU.Build.0 = Release|Any CPU
	EndGlobalSection
	GlobalSection(SolutionProperties) = preSolution
		HideSolutionNode = FALSE
	EndGlobalSection
	GlobalSection(ExtensibilityGlobals) = postSolution
		SolutionGuid = {0E53DB70-C4DD-4818-A415-BB645F1585CB}
	EndGlobalSection
EndGlobal
